// !$*UTF8*$!
{
	archiveVersion = 1;
	classes = {
	};
	objectVersion = 56;
	objects = {

/* Begin PBXBuildFile section */
		CBC7C526293CF52900AAC43A /* AppDelegate.swift in Sources */ = {isa = PBXBuildFile; fileRef = CBC7C525293CF52900AAC43A /* AppDelegate.swift */; };
		CBC7C528293CF52900AAC43A /* SceneDelegate.swift in Sources */ = {isa = PBXBuildFile; fileRef = CBC7C527293CF52900AAC43A /* SceneDelegate.swift */; };
		CBC7C52A293CF52900AAC43A /* ViewController.swift in Sources */ = {isa = PBXBuildFile; fileRef = CBC7C529293CF52900AAC43A /* ViewController.swift */; };
		CBC7C52D293CF52900AAC43A /* Main.storyboard in Resources */ = {isa = PBXBuildFile; fileRef = CBC7C52B293CF52900AAC43A /* Main.storyboard */; };
		CBC7C52F293CF52A00AAC43A /* Assets.xcassets in Resources */ = {isa = PBXBuildFile; fileRef = CBC7C52E293CF52A00AAC43A /* Assets.xcassets */; };
		CBC7C532293CF52A00AAC43A /* LaunchScreen.storyboard in Resources */ = {isa = PBXBuildFile; fileRef = CBC7C530293CF52A00AAC43A /* LaunchScreen.storyboard */; };
		CBC7C53B293CFB7700AAC43A /* FirstTableViewCell.swift in Sources */ = {isa = PBXBuildFile; fileRef = CBC7C539293CFB7700AAC43A /* FirstTableViewCell.swift */; };
		CBC7C53C293CFB7800AAC43A /* FirstTableViewCell.xib in Resources */ = {isa = PBXBuildFile; fileRef = CBC7C53A293CFB7700AAC43A /* FirstTableViewCell.xib */; };
		CBC7C53F293CFC1500AAC43A /* SecondTableViewCell.swift in Sources */ = {isa = PBXBuildFile; fileRef = CBC7C53D293CFC1500AAC43A /* SecondTableViewCell.swift */; };
		CBC7C540293CFC1500AAC43A /* SecondTableViewCell.xib in Resources */ = {isa = PBXBuildFile; fileRef = CBC7C53E293CFC1500AAC43A /* SecondTableViewCell.xib */; };
/* End PBXBuildFile section */

/* Begin PBXFileReference section */
		CBC7C522293CF52900AAC43A /* TwoTV.app */ = {isa = PBXFileReference; explicitFileType = wrapper.application; includeInIndex = 0; path = TwoTV.app; sourceTree = BUILT_PRODUCTS_DIR; };
		CBC7C525293CF52900AAC43A /* AppDelegate.swift */ = {isa = PBXFileReference; lastKnownFileType = sourcecode.swift; path = AppDelegate.swift; sourceTree = "<group>"; };
		CBC7C527293CF52900AAC43A /* SceneDelegate.swift */ = {isa = PBXFileReference; lastKnownFileType = sourcecode.swift; path = SceneDelegate.swift; sourceTree = "<group>"; };
		CBC7C529293CF52900AAC43A /* ViewController.swift */ = {isa = PBXFileReference; lastKnownFileType = sourcecode.swift; path = ViewController.swift; sourceTree = "<group>"; };
		CBC7C52C293CF52900AAC43A /* Base */ = {isa = PBXFileReference; lastKnownFileType = file.storyboard; name = Base; path = Base.lproj/Main.storyboard; sourceTree = "<group>"; };
		CBC7C52E293CF52A00AAC43A /* Assets.xcassets */ = {isa = PBXFileReference; lastKnownFileType = folder.assetcatalog; path = Assets.xcassets; sourceTree = "<group>"; };
		CBC7C531293CF52A00AAC43A /* Base */ = {isa = PBXFileReference; lastKnownFileType = file.storyboard; name = Base; path = Base.lproj/LaunchScreen.storyboard; sourceTree = "<group>"; };
		CBC7C533293CF52A00AAC43A /* Info.plist */ = {isa = PBXFileReference; lastKnownFileType = text.plist.xml; path = Info.plist; sourceTree = "<group>"; };
		CBC7C539293CFB7700AAC43A /* FirstTableViewCell.swift */ = {isa = PBXFileReference; lastKnownFileType = sourcecode.swift; path = FirstTableViewCell.swift; sourceTree = "<group>"; };
		CBC7C53A293CFB7700AAC43A /* FirstTableViewCell.xib */ = {isa = PBXFileReference; lastKnownFileType = file.xib; path = FirstTableViewCell.xib; sourceTree = "<group>"; };
		CBC7C53D293CFC1500AAC43A /* SecondTableViewCell.swift */ = {isa = PBXFileReference; lastKnownFileType = sourcecode.swift; path = SecondTableViewCell.swift; sourceTree = "<group>"; };
		CBC7C53E293CFC1500AAC43A /* SecondTableViewCell.xib */ = {isa = PBXFileReference; lastKnownFileType = file.xib; path = SecondTableViewCell.xib; sourceTree = "<group>"; };
/* End PBXFileReference section */

/* Begin PBXFrameworksBuildPhase section */
		CBC7C51F293CF52900AAC43A /* Frameworks */ = {
			isa = PBXFrameworksBuildPhase;
			buildActionMask = 2147483647;
			files = (
			);
			runOnlyForDeploymentPostprocessing = 0;
		};
/* End PBXFrameworksBuildPhase section */

/* Begin PBXGroup section */
		CBC7C519293CF52900AAC43A = {
			isa = PBXGroup;
			children = (
				CBC7C524293CF52900AAC43A /* TwoTV */,
				CBC7C523293CF52900AAC43A /* Products */,
			);
			sourceTree = "<group>";
		};
		CBC7C523293CF52900AAC43A /* Products */ = {
			isa = PBXGroup;
			children = (
				CBC7C522293CF52900AAC43A /* TwoTV.app */,
			);
			name = Products;
			sourceTree = "<group>";
		};
		CBC7C524293CF52900AAC43A /* TwoTV */ = {
			isa = PBXGroup;
			children = (
				CBC7C525293CF52900AAC43A /* AppDelegate.swift */,
				CBC7C527293CF52900AAC43A /* SceneDelegate.swift */,
				CBC7C529293CF52900AAC43A /* ViewController.swift */,
				CBC7C52B293CF52900AAC43A /* Main.storyboard */,
				CBC7C52E293CF52A00AAC43A /* Assets.xcassets */,
				CBC7C530293CF52A00AAC43A /* LaunchScreen.storyboard */,
				CBC7C533293CF52A00AAC43A /* Info.plist */,
				CBC7C539293CFB7700AAC43A /* FirstTableViewCell.swift */,
				CBC7C53A293CFB7700AAC43A /* FirstTableViewCell.xib */,
				CBC7C53D293CFC1500AAC43A /* SecondTableViewCell.swift */,
				CBC7C53E293CFC1500AAC43A /* SecondTableViewCell.xib */,
			);
			path = TwoTV;
			sourceTree = "<group>";
		};
/* End PBXGroup section */

/* Begin PBXNativeTarget section */
		CBC7C521293CF52900AAC43A /* TwoTV */ = {
			isa = PBXNativeTarget;
			buildConfigurationList = CBC7C536293CF52A00AAC43A /* Build configuration list for PBXNativeTarget "TwoTV" */;
			buildPhases = (
				CBC7C51E293CF52900AAC43A /* Sources */,
				CBC7C51F293CF52900AAC43A /* Frameworks */,
				CBC7C520293CF52900AAC43A /* Resources */,
			);
			buildRules = (
			);
			dependencies = (
			);
			name = TwoTV;
			productName = TwoTV;
			productReference = CBC7C522293CF52900AAC43A /* TwoTV.app */;
			productType = "com.apple.product-type.application";
		};
/* End PBXNativeTarget section */

/* Begin PBXProject section */
		CBC7C51A293CF52900AAC43A /* Project object */ = {
			isa = PBXProject;
			attributes = {
				BuildIndependentTargetsInParallel = 1;
				LastSwiftUpdateCheck = 1410;
				LastUpgradeCheck = 1410;
				TargetAttributes = {
					CBC7C521293CF52900AAC43A = {
						CreatedOnToolsVersion = 14.1;
					};
				};
			};
			buildConfigurationList = CBC7C51D293CF52900AAC43A /* Build configuration list for PBXProject "TwoTV" */;
			compatibilityVersion = "Xcode 14.0";
			developmentRegion = en;
			hasScannedForEncodings = 0;
			knownRegions = (
				en,
				Base,
			);
			mainGroup = CBC7C519293CF52900AAC43A;
			productRefGroup = CBC7C523293CF52900AAC43A /* Products */;
			projectDirPath = "";
			projectRoot = "";
			targets = (
				CBC7C521293CF52900AAC43A /* TwoTV */,
			);
		};
/* End PBXProject section */

/* Begin PBXResourcesBuildPhase section */
		CBC7C520293CF52900AAC43A /* Resources */ = {
			isa = PBXResourcesBuildPhase;
			buildActionMask = 2147483647;
			files = (
				CBC7C532293CF52A00AAC43A /* LaunchScreen.storyboard in Resources */,
				CBC7C52F293CF52A00AAC43A /* Assets.xcassets in Resources */,
				CBC7C540293CFC1500AAC43A /* SecondTableViewCell.xib in Resources */,
				CBC7C53C293CFB7800AAC43A /* FirstTableViewCell.xib in Resources */,
				CBC7C52D293CF52900AAC43A /* Main.storyboard in Resources */,
			);
			runOnlyForDeploymentPostprocessing = 0;
		};
/* End PBXResourcesBuildPhase section */

/* Begin PBXSourcesBuildPhase section */
		CBC7C51E293CF52900AAC43A /* Sources */ = {
			isa = PBXSourcesBuildPhase;
			buildActionMask = 2147483647;
			files = (
				CBC7C52A293CF52900AAC43A /* ViewController.swift in Sources */,
				CBC7C53F293CFC1500AAC43A /* SecondTableViewCell.swift in Sources */,
				CBC7C526293CF52900AAC43A /* AppDelegate.swift in Sources */,
				CBC7C53B293CFB7700AAC43A /* FirstTableViewCell.swift in Sources */,
				CBC7C528293CF52900AAC43A /* SceneDelegate.swift in Sources */,
			);
			runOnlyForDeploymentPostprocessing = 0;
		};
/* End PBXSourcesBuildPhase section */

/* Begin PBXVariantGroup section */
		CBC7C52B293CF52900AAC43A /* Main.storyboard */ = {
			isa = PBXVariantGroup;
			children = (
				CBC7C52C293CF52900AAC43A /* Base */,
			);
			name = Main.storyboard;
			sourceTree = "<group>";
		};
		CBC7C530293CF52A00AAC43A /* LaunchScreen.storyboard */ = {
			isa = PBXVariantGroup;
			children = (
				CBC7C531293CF52A00AAC43A /* Base */,
			);
			name = LaunchScreen.storyboard;
			sourceTree = "<group>";
		};
/* End PBXVariantGroup section */

/* Begin XCBuildConfiguration section */
		CBC7C534293CF52A00AAC43A /* Debug */ = {
			isa = XCBuildConfiguration;
			buildSettings = {
				ALWAYS_SEARCH_USER_PATHS = NO;
				CLANG_ANALYZER_NONNULL = YES;
				CLANG_ANALYZER_NUMBER_OBJECT_CONVERSION = YES_AGGRESSIVE;
				CLANG_CXX_LANGUAGE_STANDARD = "gnu++20";
				CLANG_ENABLE_MODULES = YES;
				CLANG_ENABLE_OBJC_ARC = YES;
				CLANG_ENABLE_OBJC_WEAK = YES;
				CLANG_WARN_BLOCK_CAPTURE_AUTORELEASING = YES;
				CLANG_WARN_BOOL_CONVERSION = YES;
				CLANG_WARN_COMMA = YES;
				CLANG_WARN_CONSTANT_CONVERSION = YES;
				CLANG_WARN_DEPRECATED_OBJC_IMPLEMENTATIONS = YES;
				CLANG_WARN_DIRECT_OBJC_ISA_USAGE = YES_ERROR;
				CLANG_WARN_DOCUMENTATION_COMMENTS = YES;
				CLANG_WARN_EMPTY_BODY = YES;
				CLANG_WARN_ENUM_CONVERSION = YES;
				CLANG_WARN_INFINITE_RECURSION = YES;
				CLANG_WARN_INT_CONVERSION = YES;
				CLANG_WARN_NON_LITERAL_NULL_CONVERSION = YES;
				CLANG_WARN_OBJC_IMPLICIT_RETAIN_SELF = YES;
				CLANG_WARN_OBJC_LITERAL_CONVERSION = YES;
				CLANG_WARN_OBJC_ROOT_CLASS = YES_ERROR;
				CLANG_WARN_QUOTED_INCLUDE_IN_FRAMEWORK_HEADER = YES;
				CLANG_WARN_RANGE_LOOP_ANALYSIS = YES;
				CLANG_WARN_STRICT_PROTOTYPES = YES;
				CLANG_WARN_SUSPICIOUS_MOVE = YES;
				CLANG_WARN_UNGUARDED_AVAILABILITY = YES_AGGRESSIVE;
				CLANG_WARN_UNREACHABLE_CODE = YES;
				CLANG_WARN__DUPLICATE_METHOD_MATCH = YES;
				COPY_PHASE_STRIP = NO;
				DEBUG_INFORMATION_FORMAT = dwarf;
				ENABLE_STRICT_OBJC_MSGSEND = YES;
				ENABLE_TESTABILITY = YES;
				GCC_C_LANGUAGE_STANDARD = gnu11;
				GCC_DYNAMIC_NO_PIC = NO;
				GCC_NO_COMMON_BLOCKS = YES;
				GCC_OPTIMIZATION_LEVEL = 0;
				GCC_PREPROCESSOR_DEFINITIONS = (
					"DEBUG=1",
					"$(inherited)",
				);
				GCC_WARN_64_TO_32_BIT_CONVERSION = YES;
				GCC_WARN_ABOUT_RETURN_TYPE = YES_ERROR;
				GCC_WARN_UNDECLARED_SELECTOR = YES;
				GCC_WARN_UNINITIALIZED_AUTOS = YES_AGGRESSIVE;
				GCC_WARN_UNUSED_FUNCTION = YES;
				GCC_WARN_UNUSED_VARIABLE = YES;
				IPHONEOS_DEPLOYMENT_TARGET = 16.1;
				MTL_ENABLE_DEBUG_INFO = INCLUDE_SOURCE;
				MTL_FAST_MATH = YES;
				ONLY_ACTIVE_ARCH = YES;
				SDKROOT = iphoneos;
				SWIFT_ACTIVE_COMPILATION_CONDITIONS = DEBUG;
				SWIFT_OPTIMIZATION_LEVEL = "-Onone";
			};
			name = Debug;
		};
		CBC7C535293CF52A00AAC43A /* Release */ = {
			isa = XCBuildConfiguration;
			buildSettings = {
				ALWAYS_SEARCH_USER_PATHS = NO;
				CLANG_ANALYZER_NONNULL = YES;
				CLANG_ANALYZER_NUMBER_OBJECT_CONVERSION = YES_AGGRESSIVE;
				CLANG_CXX_LANGUAGE_STANDARD = "gnu++20";
				CLANG_ENABLE_MODULES = YES;
				CLANG_ENABLE_OBJC_ARC = YES;
				CLANG_ENABLE_OBJC_WEAK = YES;
				CLANG_WARN_BLOCK_CAPTURE_AUTORELEASING = YES;
				CLANG_WARN_BOOL_CONVERSION = YES;
				CLANG_WARN_COMMA = YES;
				CLANG_WARN_CONSTANT_CONVERSION = YES;
				CLANG_WARN_DEPRECATED_OBJC_IMPLEMENTATIONS = YES;
				CLANG_WARN_DIRECT_OBJC_ISA_USAGE = YES_ERROR;
				CLANG_WARN_DOCUMENTATION_COMMENTS = YES;
				CLANG_WARN_EMPTY_BODY = YES;
				CLANG_WARN_ENUM_CONVERSION = YES;
				CLANG_WARN_INFINITE_RECURSION = YES;
				CLANG_WARN_INT_CONVERSION = YES;
				CLANG_WARN_NON_LITERAL_NULL_CONVERSION = YES;
				CLANG_WARN_OBJC_IMPLICIT_RETAIN_SELF = YES;
				CLANG_WARN_OBJC_LITERAL_CONVERSION = YES;
				CLANG_WARN_OBJC_ROOT_CLASS = YES_ERROR;
				CLANG_WARN_QUOTED_INCLUDE_IN_FRAMEWORK_HEADER = YES;
				CLANG_WARN_RANGE_LOOP_ANALYSIS = YES;
				CLANG_WARN_STRICT_PROTOTYPES = YES;
				CLANG_WARN_SUSPICIOUS_MOVE = YES;
				CLANG_WARN_UNGUARDED_AVAILABILITY = YES_AGGRESSIVE;
				CLANG_WARN_UNREACHABLE_CODE = YES;
				CLANG_WARN__DUPLICATE_METHOD_MATCH = YES;
				COPY_PHASE_STRIP = NO;
				DEBUG_INFORMATION_FORMAT = "dwarf-with-dsym";
				ENABLE_NS_ASSERTIONS = NO;
				ENABLE_STRICT_OBJC_MSGSEND = YES;
				GCC_C_LANGUAGE_STANDARD = gnu11;
				GCC_NO_COMMON_BLOCKS = YES;
				GCC_WARN_64_TO_32_BIT_CONVERSION = YES;
				GCC_WARN_ABOUT_RETURN_TYPE = YES_ERROR;
				GCC_WARN_UNDECLARED_SELECTOR = YES;
				GCC_WARN_UNINITIALIZED_AUTOS = YES_AGGRESSIVE;
				GCC_WARN_UNUSED_FUNCTION = YES;
				GCC_WARN_UNUSED_VARIABLE = YES;
				IPHONEOS_DEPLOYMENT_TARGET = 16.1;
				MTL_ENABLE_DEBUG_INFO = NO;
				MTL_FAST_MATH = YES;
				SDKROOT = iphoneos;
				SWIFT_COMPILATION_MODE = wholemodule;
				SWIFT_OPTIMIZATION_LEVEL = "-O";
				VALIDATE_PRODUCT = YES;
			};
			name = Release;
		};
		CBC7C537293CF52A00AAC43A /* Debug */ = {
			isa = XCBuildConfiguration;
			buildSettings = {
				ASSETCATALOG_COMPILER_APPICON_NAME = AppIcon;
				ASSETCATALOG_COMPILER_GLOBAL_ACCENT_COLOR_NAME = AccentColor;
				CODE_SIGN_STYLE = Automatic;
				CURRENT_PROJECT_VERSION = 1;
				DEVELOPMENT_TEAM = 78DU6292NL;
				GENERATE_INFOPLIST_FILE = YES;
				INFOPLIST_FILE = TwoTV/Info.plist;
				INFOPLIST_KEY_UIApplicationSupportsIndirectInputEvents = YES;
				INFOPLIST_KEY_UILaunchStoryboardName = LaunchScreen;
				INFOPLIST_KEY_UIMainStoryboardFile = Main;
				INFOPLIST_KEY_UISupportedInterfaceOrientations_iPad = "UIInterfaceOrientationPortrait UIInterfaceOrientationPortraitUpsideDown UIInterfaceOrientationLandscapeLeft UIInterfaceOrientationLandscapeRight";
				INFOPLIST_KEY_UISupportedInterfaceOrientations_iPhone = "UIInterfaceOrientationPortrait UIInterfaceOrientationLandscapeLeft UIInterfaceOrientationLandscapeRight";
				IPHONEOS_DEPLOYMENT_TARGET = 13.0;
				LD_RUNPATH_SEARCH_PATHS = (
					"$(inherited)",
					"@executable_path/Frameworks",
				);
				MARKETING_VERSION = 1.0;
				PRODUCT_BUNDLE_IDENTIFIER = com.thawdezin.TwoTV;
				PRODUCT_NAME = "$(TARGET_NAME)";
				SWIFT_EMIT_LOC_STRINGS = YES;
				SWIFT_VERSION = 5.0;
				TARGETED_DEVICE_FAMILY = "1,2";
			};
			name = Debug;
		};
		CBC7C538293CF52A00AAC43A /* Release */ = {
			isa = XCBuildConfiguration;
			buildSettings = {
				ASSETCATALOG_COMPILER_APPICON_NAME = AppIcon;
				ASSETCATALOG_COMPILER_GLOBAL_ACCENT_COLOR_NAME = AccentColor;
				CODE_SIGN_STYLE = Automatic;
				CURRENT_PROJECT_VERSION = 1;
				DEVELOPMENT_TEAM = 78DU6292NL;
				GENERATE_INFOPLIST_FILE = YES;
				INFOPLIST_FILE = TwoTV/Info.plist;
				INFOPLIST_KEY_UIApplicationSupportsIndirectInputEvents = YES;
				INFOPLIST_KEY_UILaunchStoryboardName = LaunchScreen;
				INFOPLIST_KEY_UIMainStoryboardFile = Main;
				INFOPLIST_KEY_UISupportedInterfaceOrientations_iPad = "UIInterfaceOrientationPortrait UIInterfaceOrientationPortraitUpsideDown UIInterfaceOrientationLandscapeLeft UIInterfaceOrientationLandscapeRight";
				INFOPLIST_KEY_UISupportedInterfaceOrientations_iPhone = "UIInterfaceOrientationPortrait UIInterfaceOrientationLandscapeLeft UIInterfaceOrientationLandscapeRight";
				IPHONEOS_DEPLOYMENT_TARGET = 13.0;
				LD_RUNPATH_SEARCH_PATHS = (
					"$(inherited)",
					"@executable_path/Frameworks",
				);
				MARKETING_VERSION = 1.0;
				PRODUCT_BUNDLE_IDENTIFIER = com.thawdezin.TwoTV;
				PRODUCT_NAME = "$(TARGET_NAME)";
				SWIFT_EMIT_LOC_STRINGS = YES;
				SWIFT_VERSION = 5.0;
				TARGETED_DEVICE_FAMILY = "1,2";
			};
			name = Release;
		};
/* End XCBuildConfiguration section */

/* Begin XCConfigurationList section */
		CBC7C51D293CF52900AAC43A /* Build configuration list for PBXProject "TwoTV" */ = {
			isa = XCConfigurationList;
			buildConfigurations = (
				CBC7C534293CF52A00AAC43A /* Debug */,
				CBC7C535293CF52A00AAC43A /* Release */,
			);
			defaultConfigurationIsVisible = 0;
			defaultConfigurationName = Release;
		};
		CBC7C536293CF52A00AAC43A /* Build configuration list for PBXNativeTarget "TwoTV" */ = {
			isa = XCConfigurationList;
			buildConfigurations = (
				CBC7C537293CF52A00AAC43A /* Debug */,
				CBC7C538293CF52A00AAC43A /* Release */,
			);
			defaultConfigurationIsVisible = 0;
			defaultConfigurationName = Release;
		};
/* End XCConfigurationList section */
	};
	rootObject = CBC7C51A293CF52900AAC43A /* Project object */;
}
